
Microsoft Visual Studio Solution File, Format Version 12.00
# Visual Studio Version 17
VisualStudioVersion = 17.0.32014.148
MinimumVisualStudioVersion = 10.0.40219.1
Project("{FAE04EC0-301F-11D3-BF4B-00C04F79EFBC}") = "TLMSMESGETDATA", "TLMSMESGETDATA\TLMSMESGETDATA.csproj", "{559F9A24-E3C4-4513-B8E9-ECABA12D8674}"
EndProject
Project("{FAE04EC0-301F-11D3-BF4B-00C04F79EFBC}") = "PQCMES", "PQCMES\PQCMES.csproj", "{4168CBA0-7F02-4449-B898-07FF3C53229E}"
EndProject
Project("{FAE04EC0-301F-11D3-BF4B-00C04F79EFBC}") = "EFTechlinkMesDb", "EFTechlinkMesDb\EFTechlinkMesDb.csproj", "{633D8C7B-5EF9-441E-9A1F-80C1E9FE3DCE}"
EndProject
Project("{FAE04EC0-301F-11D3-BF4B-00C04F79EFBC}") = "Techlink.Common", "Techlink.Common\Techlink.Common.csproj", "{A94FE7E3-B017-4302-BD8A-A906012C4C11}"
EndProject
Project("{FAE04EC0-301F-11D3-BF4B-00C04F79EFBC}") = "ProcessData", "ProcessData\ProcessData.csproj", "{86B671E1-EF4B-4F45-B0C4-95D7D4B7A5D6}"
EndProject
Project("{FAE04EC0-301F-11D3-BF4B-00C04F79EFBC}") = "PQCToMES", "PQCToMES\PQCToMES.csproj", "{8DE40484-40B7-41BC-AA97-18B844D62B8F}"
EndProject
Global
	GlobalSection(SolutionConfigurationPlatforms) = preSolution
		Debug|Any CPU = Debug|Any CPU
		Debug|x64 = Debug|x64
		Release|Any CPU = Release|Any CPU
		Release|x64 = Release|x64
	EndGlobalSection
	GlobalSection(ProjectConfigurationPlatforms) = postSolution
		{559F9A24-E3C4-4513-B8E9-ECABA12D8674}.Debug|Any CPU.ActiveCfg = Debug|Any CPU
		{559F9A24-E3C4-4513-B8E9-ECABA12D8674}.Debug|Any CPU.Build.0 = Debug|Any CPU
		{559F9A24-E3C4-4513-B8E9-ECABA12D8674}.Debug|x64.ActiveCfg = Debug|Any CPU
		{559F9A24-E3C4-4513-B8E9-ECABA12D8674}.Debug|x64.Build.0 = Debug|Any CPU
		{559F9A24-E3C4-4513-B8E9-ECABA12D8674}.Release|Any CPU.ActiveCfg = Release|Any CPU
		{559F9A24-E3C4-4513-B8E9-ECABA12D8674}.Release|Any CPU.Build.0 = Release|Any CPU
		{559F9A24-E3C4-4513-B8E9-ECABA12D8674}.Release|x64.ActiveCfg = Release|Any CPU
		{559F9A24-E3C4-4513-B8E9-ECABA12D8674}.Release|x64.Build.0 = Release|Any CPU
		{4168CBA0-7F02-4449-B898-07FF3C53229E}.Debug|Any CPU.ActiveCfg = Debug|Any CPU
		{4168CBA0-7F02-4449-B898-07FF3C53229E}.Debug|Any CPU.Build.0 = Debug|Any CPU
		{4168CBA0-7F02-4449-B898-07FF3C53229E}.Debug|x64.ActiveCfg = Debug|Any CPU
		{4168CBA0-7F02-4449-B898-07FF3C53229E}.Debug|x64.Build.0 = Debug|Any CPU
		{4168CBA0-7F02-4449-B898-07FF3C53229E}.Release|Any CPU.ActiveCfg = Release|Any CPU
		{4168CBA0-7F02-4449-B898-07FF3C53229E}.Release|Any CPU.Build.0 = Release|Any CPU
		{4168CBA0-7F02-4449-B898-07FF3C53229E}.Release|x64.ActiveCfg = Release|Any CPU
		{4168CBA0-7F02-4449-B898-07FF3C53229E}.Release|x64.Build.0 = Release|Any CPU
		{633D8C7B-5EF9-441E-9A1F-80C1E9FE3DCE}.Debug|Any CPU.ActiveCfg = Debug|Any CPU
		{633D8C7B-5EF9-441E-9A1F-80C1E9FE3DCE}.Debug|Any CPU.Build.0 = Debug|Any CPU
		{633D8C7B-5EF9-441E-9A1F-80C1E9FE3DCE}.Debug|x64.ActiveCfg = Debug|Any CPU
		{633D8C7B-5EF9-441E-9A1F-80C1E9FE3DCE}.Debug|x64.Build.0 = Debug|Any CPU
		{633D8C7B-5EF9-441E-9A1F-80C1E9FE3DCE}.Release|Any CPU.ActiveCfg = Release|Any CPU
		{633D8C7B-5EF9-441E-9A1F-80C1E9FE3DCE}.Release|Any CPU.Build.0 = Release|Any CPU
		{633D8C7B-5EF9-441E-9A1F-80C1E9FE3DCE}.Release|x64.ActiveCfg = Release|Any CPU
		{633D8C7B-5EF9-441E-9A1F-80C1E9FE3DCE}.Release|x64.Build.0 = Release|Any CPU
		{A94FE7E3-B017-4302-BD8A-A906012C4C11}.Debug|Any CPU.ActiveCfg = Debug|Any CPU
		{A94FE7E3-B017-4302-BD8A-A906012C4C11}.Debug|Any CPU.Build.0 = Debug|Any CPU
		{A94FE7E3-B017-4302-BD8A-A906012C4C11}.Debug|x64.ActiveCfg = Debug|Any CPU
		{A94FE7E3-B017-4302-BD8A-A906012C4C11}.Debug|x64.Build.0 = Debug|Any CPU
		{A94FE7E3-B017-4302-BD8A-A906012C4C11}.Release|Any CPU.ActiveCfg = Release|Any CPU
		{A94FE7E3-B017-4302-BD8A-A906012C4C11}.Release|Any CPU.Build.0 = Release|Any CPU
		{A94FE7E3-B017-4302-BD8A-A906012C4C11}.Release|x64.ActiveCfg = Release|Any CPU
		{A94FE7E3-B017-4302-BD8A-A906012C4C11}.Release|x64.Build.0 = Release|Any CPU
		{86B671E1-EF4B-4F45-B0C4-95D7D4B7A5D6}.Debug|Any CPU.ActiveCfg = Debug|Any CPU
		{86B671E1-EF4B-4F45-B0C4-95D7D4B7A5D6}.Debug|Any CPU.Build.0 = Debug|Any CPU
		{86B671E1-EF4B-4F45-B0C4-95D7D4B7A5D6}.Debug|x64.ActiveCfg = Debug|Any CPU
		{86B671E1-EF4B-4F45-B0C4-95D7D4B7A5D6}.Debug|x64.Build.0 = Debug|Any CPU
		{86B671E1-EF4B-4F45-B0C4-95D7D4B7A5D6}.Release|Any CPU.ActiveCfg = Release|Any CPU
		{86B671E1-EF4B-4F45-B0C4-95D7D4B7A5D6}.Release|Any CPU.Build.0 = Release|Any CPU
		{86B671E1-EF4B-4F45-B0C4-95D7D4B7A5D6}.Release|x64.ActiveCfg = Release|Any CPU
		{86B671E1-EF4B-4F45-B0C4-95D7D4B7A5D6}.Release|x64.Build.0 = Release|Any CPU
		{8DE40484-40B7-41BC-AA97-18B844D62B8F}.Debug|Any CPU.ActiveCfg = Debug|Any CPU
		{8DE40484-40B7-41BC-AA97-18B844D62B8F}.Debug|Any CPU.Build.0 = Debug|Any CPU
		{8DE40484-40B7-41BC-AA97-18B844D62B8F}.Debug|x64.ActiveCfg = Debug|Any CPU
		{8DE40484-40B7-41BC-AA97-18B844D62B8F}.Debug|x64.Build.0 = Debug|Any CPU
		{8DE40484-40B7-41BC-AA97-18B844D62B8F}.Release|Any CPU.ActiveCfg = Release|Any CPU
		{8DE40484-40B7-41BC-AA97-18B844D62B8F}.Release|Any CPU.Build.0 = Release|Any CPU
		{8DE40484-40B7-41BC-AA97-18B844D62B8F}.Release|x64.ActiveCfg = Release|Any CPU
		{8DE40484-40B7-41BC-AA97-18B844D62B8F}.Release|x64.Build.0 = Release|Any CPU
	EndGlobalSection
	GlobalSection(SolutionProperties) = preSolution
		HideSolutionNode = FALSE
	EndGlobalSection
	GlobalSection(ExtensibilityGlobals) = postSolution
		SolutionGuid = {91AAE13D-95CB-4C7D-BF43-CCCF7E0BE5C1}
	EndGlobalSection
EndGlobal
