
Microsoft Visual Studio Solution File, Format Version 12.00
# Visual Studio Version 16
VisualStudioVersion = 16.0.29215.179
MinimumVisualStudioVersion = 10.0.40219.1
Project("{FAE04EC0-301F-11D3-BF4B-00C04F79EFBC}") = "TLMSMESGETDATA", "TLMSMESGETDATA\TLMSMESGETDATA.csproj", "{559F9A24-E3C4-4513-B8E9-ECABA12D8674}"
EndProject
Global
	GlobalSection(SolutionConfigurationPlatforms) = preSolution
		Debug|Any CPU = Debug|Any CPU
		Debug|x64 = Debug|x64
		Release|Any CPU = Release|Any CPU
		Release|x64 = Release|x64
	EndGlobalSection
	GlobalSection(ProjectConfigurationPlatforms) = postSolution
		{559F9A24-E3C4-4513-B8E9-ECABA12D8674}.Debug|Any CPU.ActiveCfg = Debug|Any CPU
		{559F9A24-E3C4-4513-B8E9-ECABA12D8674}.Debug|Any CPU.Build.0 = Debug|Any CPU
		{559F9A24-E3C4-4513-B8E9-ECABA12D8674}.Debug|x64.ActiveCfg = Debug|Any CPU
		{559F9A24-E3C4-4513-B8E9-ECABA12D8674}.Debug|x64.Build.0 = Debug|Any CPU
		{559F9A24-E3C4-4513-B8E9-ECABA12D8674}.Release|Any CPU.ActiveCfg = Release|Any CPU
		{559F9A24-E3C4-4513-B8E9-ECABA12D8674}.Release|Any CPU.Build.0 = Release|Any CPU
		{559F9A24-E3C4-4513-B8E9-ECABA12D8674}.Release|x64.ActiveCfg = Release|Any CPU
		{559F9A24-E3C4-4513-B8E9-ECABA12D8674}.Release|x64.Build.0 = Release|Any CPU
	EndGlobalSection
	GlobalSection(SolutionProperties) = preSolution
		HideSolutionNode = FALSE
	EndGlobalSection
	GlobalSection(ExtensibilityGlobals) = postSolution
		SolutionGuid = {91AAE13D-95CB-4C7D-BF43-CCCF7E0BE5C1}
	EndGlobalSection
EndGlobal
